# This file is autogenerated, do not edit; changes may be undone by the next 'dep ensure'.


[[projects]]
  name = "github.com/golang/protobuf"
  packages = ["proto"]
  revision = "b4deda0973fb4c70b50d226b1af49f3da59f5265"
  version = "v1.1.0"

[[projects]]
  branch = "master"
  name = "github.com/mitchellh/mapstructure"
  packages = ["."]
  revision = "bb74f1db0675b241733089d5a1faa5dd8b0ef57b"

[[projects]]
  branch = "master"
  name = "github.com/turnage/graw"
  packages = ["reddit"]
  revision = "15877a6c18d60f0ad1336c3d44fb59e95c3e6b40"

[[projects]]
  name = "github.com/turnage/redditproto"
  packages = ["."]
  revision = "e5041bea89ff1f806a75e266af69f4fb82f1eff3"
  version = "2.1.0"

[[projects]]
  branch = "master"
  name = "golang.org/x/net"
  packages = [
    "context",
    "context/ctxhttp"
  ]
  revision = "d0887baf81f4598189d4e12a37c6da86f0bba4d0"

[[projects]]
  branch = "master"
  name = "golang.org/x/oauth2"
  packages = [
    ".",
    "internal"
  ]
  revision = "ef147856a6ddbb60760db74283d2424e98c87bff"

[[projects]]
  name = "google.golang.org/appengine"
  packages = [
    "internal",
    "internal/base",
    "internal/datastore",
    "internal/log",
    "internal/remote_api",
    "internal/urlfetch",
    "urlfetch"
  ]
  revision = "b1f26356af11148e710935ed1ac8a7f5702c7612"
  version = "v1.1.0"

[[projects]]
  branch = "v3"
  name = "gopkg.in/alexcesaro/quotedprintable.v3"
  packages = ["."]
  revision = "2caba252f4dc53eaf6b553000885530023f54623"

[[projects]]
  branch = "v2"
  name = "gopkg.in/gomail.v2"
  packages = ["."]
  revision = "81ebce5c23dfd25c6c67194b37d3dd3f338c98b1"

[solve-meta]
  analyzer-name = "dep"
  analyzer-version = 1
  inputs-digest = "59aad4f3e254fa8c0ed82f11af67a8ce80f100d3dd8dbc30d8d8ff5dee31b7b5"
  solver-name = "gps-cdcl"
  solver-version = 1
